
Microsoft Visual Studio Solution File, Format Version 12.00
Project("{FAE04EC0-301F-11D3-BF4B-00C04F79EFBC}") = "Logiwa.Web", "Logiwa.Web\Logiwa.Web.csproj", "{B81374BF-60CE-409B-81E7-88A790B1025C}"
EndProject
Project("{2150E333-8FDC-42A3-9474-1A3956D46DE8}") = "Solution Items", "Solution Items", "{D396D59A-CB21-4040-BC93-753ECDCDBD95}"
	ProjectSection(SolutionItems) = preProject
		compose.yaml = compose.yaml
	EndProjectSection
EndProject
Project("{2150E333-8FDC-42A3-9474-1A3956D46DE8}") = "src", "src", "{0245B4F6-4A4E-40BD-AF05-6DBBE51E0D61}"
EndProject
Global
	GlobalSection(SolutionConfigurationPlatforms) = preSolution
		Debug|Any CPU = Debug|Any CPU
		Release|Any CPU = Release|Any CPU
	EndGlobalSection
	GlobalSection(ProjectConfigurationPlatforms) = postSolution
		{B81374BF-60CE-409B-81E7-88A790B1025C}.Debug|Any CPU.ActiveCfg = Debug|Any CPU
		{B81374BF-60CE-409B-81E7-88A790B1025C}.Debug|Any CPU.Build.0 = Debug|Any CPU
		{B81374BF-60CE-409B-81E7-88A790B1025C}.Release|Any CPU.ActiveCfg = Release|Any CPU
		{B81374BF-60CE-409B-81E7-88A790B1025C}.Release|Any CPU.Build.0 = Release|Any CPU
	EndGlobalSection
	GlobalSection(NestedProjects) = preSolution
		{B81374BF-60CE-409B-81E7-88A790B1025C} = {0245B4F6-4A4E-40BD-AF05-6DBBE51E0D61}
	EndGlobalSection
EndGlobal
